
Microsoft Visual Studio Solution File, Format Version 12.00
# Visual Studio 14
VisualStudioVersion = 14.0.25420.1
MinimumVisualStudioVersion = 10.0.40219.1
Project("{FAE04EC0-301F-11D3-BF4B-00C04F79EFBC}") = "Services", "Services\Services.csproj", "{ADA546F3-1EA8-46A5-B5DF-E3C8C3DF95E6}"
EndProject
Project("{FAE04EC0-301F-11D3-BF4B-00C04F79EFBC}") = "CountdownServiceApplication", "CountdownServiceApplication\CountdownServiceApplication.csproj", "{DFE1F5B0-255D-4014-9A32-7588D4E50728}"
EndProject
Global
	GlobalSection(SolutionConfigurationPlatforms) = preSolution
		Debug|Any CPU = Debug|Any CPU
		Release|Any CPU = Release|Any CPU
	EndGlobalSection
	GlobalSection(ProjectConfigurationPlatforms) = postSolution
		{ADA546F3-1EA8-46A5-B5DF-E3C8C3DF95E6}.Debug|Any CPU.ActiveCfg = Debug|Any CPU
		{ADA546F3-1EA8-46A5-B5DF-E3C8C3DF95E6}.Debug|Any CPU.Build.0 = Debug|Any CPU
		{ADA546F3-1EA8-46A5-B5DF-E3C8C3DF95E6}.Release|Any CPU.ActiveCfg = Release|Any CPU
		{ADA546F3-1EA8-46A5-B5DF-E3C8C3DF95E6}.Release|Any CPU.Build.0 = Release|Any CPU
		{DFE1F5B0-255D-4014-9A32-7588D4E50728}.Debug|Any CPU.ActiveCfg = Debug|Any CPU
		{DFE1F5B0-255D-4014-9A32-7588D4E50728}.Debug|Any CPU.Build.0 = Debug|Any CPU
		{DFE1F5B0-255D-4014-9A32-7588D4E50728}.Release|Any CPU.ActiveCfg = Release|Any CPU
		{DFE1F5B0-255D-4014-9A32-7588D4E50728}.Release|Any CPU.Build.0 = Release|Any CPU
	EndGlobalSection
	GlobalSection(SolutionProperties) = preSolution
		HideSolutionNode = FALSE
	EndGlobalSection
EndGlobal
